
Microsoft Visual Studio Solution File, Format Version 12.00
# Visual Studio Version 17
VisualStudioVersion = 17.2.32602.215
MinimumVisualStudioVersion = 10.0.40219.1
Project("{FAE04EC0-301F-11D3-BF4B-00C04F79EFBC}") = "Evoltis", "Evoltis\Evoltis.csproj", "{31040CF1-CE4A-4FB6-A8AA-53436A822A73}"
EndProject
Global
	GlobalSection(SolutionConfigurationPlatforms) = preSolution
		Debug|Any CPU = Debug|Any CPU
		Release|Any CPU = Release|Any CPU
	EndGlobalSection
	GlobalSection(ProjectConfigurationPlatforms) = postSolution
		{31040CF1-CE4A-4FB6-A8AA-53436A822A73}.Debug|Any CPU.ActiveCfg = Debug|Any CPU
		{31040CF1-CE4A-4FB6-A8AA-53436A822A73}.Debug|Any CPU.Build.0 = Debug|Any CPU
		{31040CF1-CE4A-4FB6-A8AA-53436A822A73}.Release|Any CPU.ActiveCfg = Release|Any CPU
		{31040CF1-CE4A-4FB6-A8AA-53436A822A73}.Release|Any CPU.Build.0 = Release|Any CPU
	EndGlobalSection
	GlobalSection(SolutionProperties) = preSolution
		HideSolutionNode = FALSE
	EndGlobalSection
	GlobalSection(ExtensibilityGlobals) = postSolution
		SolutionGuid = {37EFD9FD-0E7B-486F-9276-0F2BAC716C05}
	EndGlobalSection
EndGlobal
